{
  "pins" : [
    {
      "identity" : "generic-json",
      "kind" : "remoteSourceControl",
      "location" : "https://github.com/Frizlab/generic-json.git",
      "state" : {
        "revision" : "bfae33a5e8d31af37b098e46197b49e94d4c0d9a",
        "version" : "3.1.1"
      }
    },
    {
      "identity" : "legibleerror",
      "kind" : "remoteSourceControl",
      "location" : "https://github.com/mxcl/LegibleError.git",
      "state" : {
        "revision" : "bc596702d7ff618c3f90ba480eeb48b3e83a2fbe",
        "version" : "1.0.6"
      }
    },
    {
      "identity" : "swift-email",
      "kind" : "remoteSourceControl",
      "location" : "https://github.com/Frizlab/swift-email.git",
      "state" : {
        "revision" : "abe9997071c08e76f090eb2d2edc249f0951fc24",
        "version" : "0.2.6"
      }
    },
    {
      "identity" : "unwraporthrow",
      "kind" : "remoteSourceControl",
      "location" : "https://github.com/Frizlab/UnwrapOrThrow.git",
      "state" : {
        "revision" : "085ea7b599b0db956541b7189a57b0c98f15337f",
        "version" : "1.0.1"
      }
    }
  ],
  "version" : 2
}
